// !$*UTF8*$!
{
	archiveVersion = 1;
	classes = {
	};
	objectVersion = 56;
	objects = {

/* Begin PBXBuildFile section */
		391EC9FBC51885CD02031BAA /* Pods_Homework.framework in Frameworks */ = {isa = PBXBuildFile; fileRef = 56B6F27EE06D79D089A70B16 /* Pods_Homework.framework */; };
		782CFCC92969C47000661C5A /* SaveVC.swift in Sources */ = {isa = PBXBuildFile; fileRef = 782CFCC82969C47000661C5A /* SaveVC.swift */; };
		782CFCCB2969C49200661C5A /* RecentVC.swift in Sources */ = {isa = PBXBuildFile; fileRef = 782CFCCA2969C49200661C5A /* RecentVC.swift */; };
		782CFCCE2969CBCD00661C5A /* Restaurant.swift in Sources */ = {isa = PBXBuildFile; fileRef = 782CFCCD2969CBCD00661C5A /* Restaurant.swift */; };
		782CFCD02969CCC000661C5A /* Network.swift in Sources */ = {isa = PBXBuildFile; fileRef = 782CFCCF2969CCC000661C5A /* Network.swift */; };
		782CFCD22969CE2B00661C5A /* Consts.swift in Sources */ = {isa = PBXBuildFile; fileRef = 782CFCD12969CE2B00661C5A /* Consts.swift */; };
		782CFCD42969D11C00661C5A /* RestaurantNetError.swift in Sources */ = {isa = PBXBuildFile; fileRef = 782CFCD32969D11C00661C5A /* RestaurantNetError.swift */; };
		78321B2A296AB6D4001CA184 /* RestaurantCell.swift in Sources */ = {isa = PBXBuildFile; fileRef = 78321B28296AB6D4001CA184 /* RestaurantCell.swift */; };
		78321B2B296AB6D4001CA184 /* RestaurantCell.xib in Resources */ = {isa = PBXBuildFile; fileRef = 78321B29296AB6D4001CA184 /* RestaurantCell.xib */; };
		78321B2D296ABF1A001CA184 /* UIViewExtension.swift in Sources */ = {isa = PBXBuildFile; fileRef = 78321B2C296ABF1A001CA184 /* UIViewExtension.swift */; };
		785776862969B96E00F2A739 /* Home.storyboard in Resources */ = {isa = PBXBuildFile; fileRef = 785776852969B96E00F2A739 /* Home.storyboard */; };
		7857768C2969B9F700F2A739 /* AppStoryboard.swift in Sources */ = {isa = PBXBuildFile; fileRef = 7857768B2969B9F700F2A739 /* AppStoryboard.swift */; };
		7857768E2969BA3B00F2A739 /* VCExtension.swift in Sources */ = {isa = PBXBuildFile; fileRef = 7857768D2969BA3B00F2A739 /* VCExtension.swift */; };
		785776902969BC5700F2A739 /* InitializeTabBarVC.swift in Sources */ = {isa = PBXBuildFile; fileRef = 7857768F2969BC5700F2A739 /* InitializeTabBarVC.swift */; };
		785776922969BED400F2A739 /* HomeVC.swift in Sources */ = {isa = PBXBuildFile; fileRef = 785776912969BED400F2A739 /* HomeVC.swift */; };
		785776942969BEE800F2A739 /* SearchVC.swift in Sources */ = {isa = PBXBuildFile; fileRef = 785776932969BEE800F2A739 /* SearchVC.swift */; };
		785776962969BF4300F2A739 /* InterestedVC.swift in Sources */ = {isa = PBXBuildFile; fileRef = 785776952969BF4300F2A739 /* InterestedVC.swift */; };
		785776982969BF5300F2A739 /* PersonVC.swift in Sources */ = {isa = PBXBuildFile; fileRef = 785776972969BF5300F2A739 /* PersonVC.swift */; };
		785DCBDD2964320A00598822 /* AppDelegate.swift in Sources */ = {isa = PBXBuildFile; fileRef = 785DCBDC2964320A00598822 /* AppDelegate.swift */; };
		785DCBDF2964320A00598822 /* SceneDelegate.swift in Sources */ = {isa = PBXBuildFile; fileRef = 785DCBDE2964320A00598822 /* SceneDelegate.swift */; };
		785DCBE62964320B00598822 /* Assets.xcassets in Resources */ = {isa = PBXBuildFile; fileRef = 785DCBE52964320B00598822 /* Assets.xcassets */; };
		785DCBE92964320B00598822 /* LaunchScreen.storyboard in Resources */ = {isa = PBXBuildFile; fileRef = 785DCBE72964320B00598822 /* LaunchScreen.storyboard */; };
/* End PBXBuildFile section */

/* Begin PBXFileReference section */
		0EA251D8ED461F980BECFC6C /* Pods-Homework.debug.xcconfig */ = {isa = PBXFileReference; includeInIndex = 1; lastKnownFileType = text.xcconfig; name = "Pods-Homework.debug.xcconfig"; path = "Target Support Files/Pods-Homework/Pods-Homework.debug.xcconfig"; sourceTree = "<group>"; };
		24DB0CCD204458B3004485D4 /* Pods-Homework.release.xcconfig */ = {isa = PBXFileReference; includeInIndex = 1; lastKnownFileType = text.xcconfig; name = "Pods-Homework.release.xcconfig"; path = "Target Support Files/Pods-Homework/Pods-Homework.release.xcconfig"; sourceTree = "<group>"; };
		56B6F27EE06D79D089A70B16 /* Pods_Homework.framework */ = {isa = PBXFileReference; explicitFileType = wrapper.framework; includeInIndex = 0; path = Pods_Homework.framework; sourceTree = BUILT_PRODUCTS_DIR; };
		782CFCC82969C47000661C5A /* SaveVC.swift */ = {isa = PBXFileReference; lastKnownFileType = sourcecode.swift; path = SaveVC.swift; sourceTree = "<group>"; };
		782CFCCA2969C49200661C5A /* RecentVC.swift */ = {isa = PBXFileReference; lastKnownFileType = sourcecode.swift; path = RecentVC.swift; sourceTree = "<group>"; };
		782CFCCD2969CBCD00661C5A /* Restaurant.swift */ = {isa = PBXFileReference; lastKnownFileType = sourcecode.swift; path = Restaurant.swift; sourceTree = "<group>"; };
		782CFCCF2969CCC000661C5A /* Network.swift */ = {isa = PBXFileReference; lastKnownFileType = sourcecode.swift; path = Network.swift; sourceTree = "<group>"; };
		782CFCD12969CE2B00661C5A /* Consts.swift */ = {isa = PBXFileReference; lastKnownFileType = sourcecode.swift; path = Consts.swift; sourceTree = "<group>"; };
		782CFCD32969D11C00661C5A /* RestaurantNetError.swift */ = {isa = PBXFileReference; lastKnownFileType = sourcecode.swift; path = RestaurantNetError.swift; sourceTree = "<group>"; };
		78321B28296AB6D4001CA184 /* RestaurantCell.swift */ = {isa = PBXFileReference; lastKnownFileType = sourcecode.swift; path = RestaurantCell.swift; sourceTree = "<group>"; };
		78321B29296AB6D4001CA184 /* RestaurantCell.xib */ = {isa = PBXFileReference; lastKnownFileType = file.xib; path = RestaurantCell.xib; sourceTree = "<group>"; };
		78321B2C296ABF1A001CA184 /* UIViewExtension.swift */ = {isa = PBXFileReference; lastKnownFileType = sourcecode.swift; path = UIViewExtension.swift; sourceTree = "<group>"; };
		785776852969B96E00F2A739 /* Home.storyboard */ = {isa = PBXFileReference; lastKnownFileType = file.storyboard; path = Home.storyboard; sourceTree = "<group>"; };
		7857768B2969B9F700F2A739 /* AppStoryboard.swift */ = {isa = PBXFileReference; lastKnownFileType = sourcecode.swift; path = AppStoryboard.swift; sourceTree = "<group>"; };
		7857768D2969BA3B00F2A739 /* VCExtension.swift */ = {isa = PBXFileReference; lastKnownFileType = sourcecode.swift; path = VCExtension.swift; sourceTree = "<group>"; };
		7857768F2969BC5700F2A739 /* InitializeTabBarVC.swift */ = {isa = PBXFileReference; lastKnownFileType = sourcecode.swift; path = InitializeTabBarVC.swift; sourceTree = "<group>"; };
		785776912969BED400F2A739 /* HomeVC.swift */ = {isa = PBXFileReference; lastKnownFileType = sourcecode.swift; path = HomeVC.swift; sourceTree = "<group>"; };
		785776932969BEE800F2A739 /* SearchVC.swift */ = {isa = PBXFileReference; lastKnownFileType = sourcecode.swift; path = SearchVC.swift; sourceTree = "<group>"; };
		785776952969BF4300F2A739 /* InterestedVC.swift */ = {isa = PBXFileReference; lastKnownFileType = sourcecode.swift; path = InterestedVC.swift; sourceTree = "<group>"; };
		785776972969BF5300F2A739 /* PersonVC.swift */ = {isa = PBXFileReference; lastKnownFileType = sourcecode.swift; path = PersonVC.swift; sourceTree = "<group>"; };
		785DCBD92964320A00598822 /* Homework.app */ = {isa = PBXFileReference; explicitFileType = wrapper.application; includeInIndex = 0; path = Homework.app; sourceTree = BUILT_PRODUCTS_DIR; };
		785DCBDC2964320A00598822 /* AppDelegate.swift */ = {isa = PBXFileReference; lastKnownFileType = sourcecode.swift; path = AppDelegate.swift; sourceTree = "<group>"; };
		785DCBDE2964320A00598822 /* SceneDelegate.swift */ = {isa = PBXFileReference; lastKnownFileType = sourcecode.swift; path = SceneDelegate.swift; sourceTree = "<group>"; };
		785DCBE52964320B00598822 /* Assets.xcassets */ = {isa = PBXFileReference; lastKnownFileType = folder.assetcatalog; path = Assets.xcassets; sourceTree = "<group>"; };
		785DCBE82964320B00598822 /* Base */ = {isa = PBXFileReference; lastKnownFileType = file.storyboard; name = Base; path = Base.lproj/LaunchScreen.storyboard; sourceTree = "<group>"; };
		785DCBEA2964320B00598822 /* Info.plist */ = {isa = PBXFileReference; lastKnownFileType = text.plist.xml; path = Info.plist; sourceTree = "<group>"; };
/* End PBXFileReference section */

/* Begin PBXFrameworksBuildPhase section */
		785DCBD62964320A00598822 /* Frameworks */ = {
			isa = PBXFrameworksBuildPhase;
			buildActionMask = 2147483647;
			files = (
				391EC9FBC51885CD02031BAA /* Pods_Homework.framework in Frameworks */,
			);
			runOnlyForDeploymentPostprocessing = 0;
		};
/* End PBXFrameworksBuildPhase section */

/* Begin PBXGroup section */
		40CFA6822B993527A32FA063 /* Frameworks */ = {
			isa = PBXGroup;
			children = (
				56B6F27EE06D79D089A70B16 /* Pods_Homework.framework */,
			);
			name = Frameworks;
			sourceTree = "<group>";
		};
		782CFCCC2969CB2100661C5A /* Entities */ = {
			isa = PBXGroup;
			children = (
				782CFCCD2969CBCD00661C5A /* Restaurant.swift */,
				782CFCD32969D11C00661C5A /* RestaurantNetError.swift */,
			);
			path = Entities;
			sourceTree = "<group>";
		};
		78321B27296AB60A001CA184 /* Interested */ = {
			isa = PBXGroup;
			children = (
				785776952969BF4300F2A739 /* InterestedVC.swift */,
				782CFCC82969C47000661C5A /* SaveVC.swift */,
				782CFCCA2969C49200661C5A /* RecentVC.swift */,
				78321B28296AB6D4001CA184 /* RestaurantCell.swift */,
				78321B29296AB6D4001CA184 /* RestaurantCell.xib */,
			);
			path = Interested;
			sourceTree = "<group>";
		};
		785776842969B95700F2A739 /* Storyboard */ = {
			isa = PBXGroup;
			children = (
				785776852969B96E00F2A739 /* Home.storyboard */,
			);
			path = Storyboard;
			sourceTree = "<group>";
		};
		785776872969B99A00F2A739 /* Presentation */ = {
			isa = PBXGroup;
			children = (
				78321B27296AB60A001CA184 /* Interested */,
				7857768F2969BC5700F2A739 /* InitializeTabBarVC.swift */,
				785776912969BED400F2A739 /* HomeVC.swift */,
				785776932969BEE800F2A739 /* SearchVC.swift */,
				785776972969BF5300F2A739 /* PersonVC.swift */,
			);
			path = Presentation;
			sourceTree = "<group>";
		};
		7857768A2969B9D700F2A739 /* Utils */ = {
			isa = PBXGroup;
			children = (
				7857768D2969BA3B00F2A739 /* VCExtension.swift */,
				7857768B2969B9F700F2A739 /* AppStoryboard.swift */,
				782CFCCF2969CCC000661C5A /* Network.swift */,
				782CFCD12969CE2B00661C5A /* Consts.swift */,
				78321B2C296ABF1A001CA184 /* UIViewExtension.swift */,
			);
			path = Utils;
			sourceTree = "<group>";
		};
		785DCBD02964320A00598822 = {
			isa = PBXGroup;
			children = (
				785DCBDB2964320A00598822 /* Homework */,
				785DCBDA2964320A00598822 /* Products */,
				C7BED328845694BFE76962F9 /* Pods */,
				40CFA6822B993527A32FA063 /* Frameworks */,
			);
			sourceTree = "<group>";
		};
		785DCBDA2964320A00598822 /* Products */ = {
			isa = PBXGroup;
			children = (
				785DCBD92964320A00598822 /* Homework.app */,
			);
			name = Products;
			sourceTree = "<group>";
		};
		785DCBDB2964320A00598822 /* Homework */ = {
			isa = PBXGroup;
			children = (
				782CFCCC2969CB2100661C5A /* Entities */,
				7857768A2969B9D700F2A739 /* Utils */,
				785776872969B99A00F2A739 /* Presentation */,
				785776842969B95700F2A739 /* Storyboard */,
				785DCBDC2964320A00598822 /* AppDelegate.swift */,
				785DCBDE2964320A00598822 /* SceneDelegate.swift */,
				785DCBE52964320B00598822 /* Assets.xcassets */,
				785DCBE72964320B00598822 /* LaunchScreen.storyboard */,
				785DCBEA2964320B00598822 /* Info.plist */,
			);
			path = Homework;
			sourceTree = "<group>";
		};
		C7BED328845694BFE76962F9 /* Pods */ = {
			isa = PBXGroup;
			children = (
				0EA251D8ED461F980BECFC6C /* Pods-Homework.debug.xcconfig */,
				24DB0CCD204458B3004485D4 /* Pods-Homework.release.xcconfig */,
			);
			path = Pods;
			sourceTree = "<group>";
		};
/* End PBXGroup section */

/* Begin PBXNativeTarget section */
		785DCBD82964320A00598822 /* Homework */ = {
			isa = PBXNativeTarget;
			buildConfigurationList = 785DCBED2964320B00598822 /* Build configuration list for PBXNativeTarget "Homework" */;
			buildPhases = (
				0BA6D04113F1539F5E68477E /* [CP] Check Pods Manifest.lock */,
				785DCBD52964320A00598822 /* Sources */,
				785DCBD62964320A00598822 /* Frameworks */,
				785DCBD72964320A00598822 /* Resources */,
				10AA808BB5D7E8D8BC0FC482 /* [CP] Embed Pods Frameworks */,
			);
			buildRules = (
			);
			dependencies = (
			);
			name = Homework;
			productName = Homework;
			productReference = 785DCBD92964320A00598822 /* Homework.app */;
			productType = "com.apple.product-type.application";
		};
/* End PBXNativeTarget section */

/* Begin PBXProject section */
		785DCBD12964320A00598822 /* Project object */ = {
			isa = PBXProject;
			attributes = {
				BuildIndependentTargetsInParallel = 1;
				LastSwiftUpdateCheck = 1420;
				LastUpgradeCheck = 1420;
				TargetAttributes = {
					785DCBD82964320A00598822 = {
						CreatedOnToolsVersion = 14.2;
					};
				};
			};
			buildConfigurationList = 785DCBD42964320A00598822 /* Build configuration list for PBXProject "Homework" */;
			compatibilityVersion = "Xcode 14.0";
			developmentRegion = en;
			hasScannedForEncodings = 0;
			knownRegions = (
				en,
				Base,
			);
			mainGroup = 785DCBD02964320A00598822;
			productRefGroup = 785DCBDA2964320A00598822 /* Products */;
			projectDirPath = "";
			projectRoot = "";
			targets = (
				785DCBD82964320A00598822 /* Homework */,
			);
		};
/* End PBXProject section */

/* Begin PBXResourcesBuildPhase section */
		785DCBD72964320A00598822 /* Resources */ = {
			isa = PBXResourcesBuildPhase;
			buildActionMask = 2147483647;
			files = (
				78321B2B296AB6D4001CA184 /* RestaurantCell.xib in Resources */,
				785DCBE92964320B00598822 /* LaunchScreen.storyboard in Resources */,
				785DCBE62964320B00598822 /* Assets.xcassets in Resources */,
				785776862969B96E00F2A739 /* Home.storyboard in Resources */,
			);
			runOnlyForDeploymentPostprocessing = 0;
		};
/* End PBXResourcesBuildPhase section */

/* Begin PBXShellScriptBuildPhase section */
		0BA6D04113F1539F5E68477E /* [CP] Check Pods Manifest.lock */ = {
			isa = PBXShellScriptBuildPhase;
			buildActionMask = 2147483647;
			files = (
			);
			inputFileListPaths = (
			);
			inputPaths = (
				"${PODS_PODFILE_DIR_PATH}/Podfile.lock",
				"${PODS_ROOT}/Manifest.lock",
			);
			name = "[CP] Check Pods Manifest.lock";
			outputFileListPaths = (
			);
			outputPaths = (
				"$(DERIVED_FILE_DIR)/Pods-Homework-checkManifestLockResult.txt",
			);
			runOnlyForDeploymentPostprocessing = 0;
			shellPath = /bin/sh;
			shellScript = "diff \"${PODS_PODFILE_DIR_PATH}/Podfile.lock\" \"${PODS_ROOT}/Manifest.lock\" > /dev/null\nif [ $? != 0 ] ; then\n    # print error to STDERR\n    echo \"error: The sandbox is not in sync with the Podfile.lock. Run 'pod install' or update your CocoaPods installation.\" >&2\n    exit 1\nfi\n# This output is used by Xcode 'outputs' to avoid re-running this script phase.\necho \"SUCCESS\" > \"${SCRIPT_OUTPUT_FILE_0}\"\n";
			showEnvVarsInLog = 0;
		};
		10AA808BB5D7E8D8BC0FC482 /* [CP] Embed Pods Frameworks */ = {
			isa = PBXShellScriptBuildPhase;
			buildActionMask = 2147483647;
			files = (
			);
			inputFileListPaths = (
				"${PODS_ROOT}/Target Support Files/Pods-Homework/Pods-Homework-frameworks-${CONFIGURATION}-input-files.xcfilelist",
			);
			name = "[CP] Embed Pods Frameworks";
			outputFileListPaths = (
				"${PODS_ROOT}/Target Support Files/Pods-Homework/Pods-Homework-frameworks-${CONFIGURATION}-output-files.xcfilelist",
			);
			runOnlyForDeploymentPostprocessing = 0;
			shellPath = /bin/sh;
			shellScript = "\"${PODS_ROOT}/Target Support Files/Pods-Homework/Pods-Homework-frameworks.sh\"\n";
			showEnvVarsInLog = 0;
		};
/* End PBXShellScriptBuildPhase section */

/* Begin PBXSourcesBuildPhase section */
		785DCBD52964320A00598822 /* Sources */ = {
			isa = PBXSourcesBuildPhase;
			buildActionMask = 2147483647;
			files = (
				782CFCD02969CCC000661C5A /* Network.swift in Sources */,
				785776942969BEE800F2A739 /* SearchVC.swift in Sources */,
				782CFCC92969C47000661C5A /* SaveVC.swift in Sources */,
				7857768C2969B9F700F2A739 /* AppStoryboard.swift in Sources */,
				785776922969BED400F2A739 /* HomeVC.swift in Sources */,
				785776962969BF4300F2A739 /* InterestedVC.swift in Sources */,
				785776902969BC5700F2A739 /* InitializeTabBarVC.swift in Sources */,
				7857768E2969BA3B00F2A739 /* VCExtension.swift in Sources */,
				78321B2D296ABF1A001CA184 /* UIViewExtension.swift in Sources */,
				78321B2A296AB6D4001CA184 /* RestaurantCell.swift in Sources */,
				785DCBDD2964320A00598822 /* AppDelegate.swift in Sources */,
				782CFCCE2969CBCD00661C5A /* Restaurant.swift in Sources */,
				785DCBDF2964320A00598822 /* SceneDelegate.swift in Sources */,
				782CFCD22969CE2B00661C5A /* Consts.swift in Sources */,
				782CFCD42969D11C00661C5A /* RestaurantNetError.swift in Sources */,
				785776982969BF5300F2A739 /* PersonVC.swift in Sources */,
				782CFCCB2969C49200661C5A /* RecentVC.swift in Sources */,
			);
			runOnlyForDeploymentPostprocessing = 0;
		};
/* End PBXSourcesBuildPhase section */

/* Begin PBXVariantGroup section */
		785DCBE72964320B00598822 /* LaunchScreen.storyboard */ = {
			isa = PBXVariantGroup;
			children = (
				785DCBE82964320B00598822 /* Base */,
			);
			name = LaunchScreen.storyboard;
			sourceTree = "<group>";
		};
/* End PBXVariantGroup section */

/* Begin XCBuildConfiguration section */
		785DCBEB2964320B00598822 /* Debug */ = {
			isa = XCBuildConfiguration;
			buildSettings = {
				ALWAYS_SEARCH_USER_PATHS = NO;
				CLANG_ANALYZER_NONNULL = YES;
				CLANG_ANALYZER_NUMBER_OBJECT_CONVERSION = YES_AGGRESSIVE;
				CLANG_CXX_LANGUAGE_STANDARD = "gnu++20";
				CLANG_ENABLE_MODULES = YES;
				CLANG_ENABLE_OBJC_ARC = YES;
				CLANG_ENABLE_OBJC_WEAK = YES;
				CLANG_WARN_BLOCK_CAPTURE_AUTORELEASING = YES;
				CLANG_WARN_BOOL_CONVERSION = YES;
				CLANG_WARN_COMMA = YES;
				CLANG_WARN_CONSTANT_CONVERSION = YES;
				CLANG_WARN_DEPRECATED_OBJC_IMPLEMENTATIONS = YES;
				CLANG_WARN_DIRECT_OBJC_ISA_USAGE = YES_ERROR;
				CLANG_WARN_DOCUMENTATION_COMMENTS = YES;
				CLANG_WARN_EMPTY_BODY = YES;
				CLANG_WARN_ENUM_CONVERSION = YES;
				CLANG_WARN_INFINITE_RECURSION = YES;
				CLANG_WARN_INT_CONVERSION = YES;
				CLANG_WARN_NON_LITERAL_NULL_CONVERSION = YES;
				CLANG_WARN_OBJC_IMPLICIT_RETAIN_SELF = YES;
				CLANG_WARN_OBJC_LITERAL_CONVERSION = YES;
				CLANG_WARN_OBJC_ROOT_CLASS = YES_ERROR;
				CLANG_WARN_QUOTED_INCLUDE_IN_FRAMEWORK_HEADER = YES;
				CLANG_WARN_RANGE_LOOP_ANALYSIS = YES;
				CLANG_WARN_STRICT_PROTOTYPES = YES;
				CLANG_WARN_SUSPICIOUS_MOVE = YES;
				CLANG_WARN_UNGUARDED_AVAILABILITY = YES_AGGRESSIVE;
				CLANG_WARN_UNREACHABLE_CODE = YES;
				CLANG_WARN__DUPLICATE_METHOD_MATCH = YES;
				COPY_PHASE_STRIP = NO;
				DEBUG_INFORMATION_FORMAT = dwarf;
				ENABLE_STRICT_OBJC_MSGSEND = YES;
				ENABLE_TESTABILITY = YES;
				GCC_C_LANGUAGE_STANDARD = gnu11;
				GCC_DYNAMIC_NO_PIC = NO;
				GCC_NO_COMMON_BLOCKS = YES;
				GCC_OPTIMIZATION_LEVEL = 0;
				GCC_PREPROCESSOR_DEFINITIONS = (
					"DEBUG=1",
					"$(inherited)",
				);
				GCC_WARN_64_TO_32_BIT_CONVERSION = YES;
				GCC_WARN_ABOUT_RETURN_TYPE = YES_ERROR;
				GCC_WARN_UNDECLARED_SELECTOR = YES;
				GCC_WARN_UNINITIALIZED_AUTOS = YES_AGGRESSIVE;
				GCC_WARN_UNUSED_FUNCTION = YES;
				GCC_WARN_UNUSED_VARIABLE = YES;
				IPHONEOS_DEPLOYMENT_TARGET = 16.2;
				MTL_ENABLE_DEBUG_INFO = INCLUDE_SOURCE;
				MTL_FAST_MATH = YES;
				ONLY_ACTIVE_ARCH = YES;
				SDKROOT = iphoneos;
				SWIFT_ACTIVE_COMPILATION_CONDITIONS = DEBUG;
				SWIFT_OPTIMIZATION_LEVEL = "-Onone";
			};
			name = Debug;
		};
		785DCBEC2964320B00598822 /* Release */ = {
			isa = XCBuildConfiguration;
			buildSettings = {
				ALWAYS_SEARCH_USER_PATHS = NO;
				CLANG_ANALYZER_NONNULL = YES;
				CLANG_ANALYZER_NUMBER_OBJECT_CONVERSION = YES_AGGRESSIVE;
				CLANG_CXX_LANGUAGE_STANDARD = "gnu++20";
				CLANG_ENABLE_MODULES = YES;
				CLANG_ENABLE_OBJC_ARC = YES;
				CLANG_ENABLE_OBJC_WEAK = YES;
				CLANG_WARN_BLOCK_CAPTURE_AUTORELEASING = YES;
				CLANG_WARN_BOOL_CONVERSION = YES;
				CLANG_WARN_COMMA = YES;
				CLANG_WARN_CONSTANT_CONVERSION = YES;
				CLANG_WARN_DEPRECATED_OBJC_IMPLEMENTATIONS = YES;
				CLANG_WARN_DIRECT_OBJC_ISA_USAGE = YES_ERROR;
				CLANG_WARN_DOCUMENTATION_COMMENTS = YES;
				CLANG_WARN_EMPTY_BODY = YES;
				CLANG_WARN_ENUM_CONVERSION = YES;
				CLANG_WARN_INFINITE_RECURSION = YES;
				CLANG_WARN_INT_CONVERSION = YES;
				CLANG_WARN_NON_LITERAL_NULL_CONVERSION = YES;
				CLANG_WARN_OBJC_IMPLICIT_RETAIN_SELF = YES;
				CLANG_WARN_OBJC_LITERAL_CONVERSION = YES;
				CLANG_WARN_OBJC_ROOT_CLASS = YES_ERROR;
				CLANG_WARN_QUOTED_INCLUDE_IN_FRAMEWORK_HEADER = YES;
				CLANG_WARN_RANGE_LOOP_ANALYSIS = YES;
				CLANG_WARN_STRICT_PROTOTYPES = YES;
				CLANG_WARN_SUSPICIOUS_MOVE = YES;
				CLANG_WARN_UNGUARDED_AVAILABILITY = YES_AGGRESSIVE;
				CLANG_WARN_UNREACHABLE_CODE = YES;
				CLANG_WARN__DUPLICATE_METHOD_MATCH = YES;
				COPY_PHASE_STRIP = NO;
				DEBUG_INFORMATION_FORMAT = "dwarf-with-dsym";
				ENABLE_NS_ASSERTIONS = NO;
				ENABLE_STRICT_OBJC_MSGSEND = YES;
				GCC_C_LANGUAGE_STANDARD = gnu11;
				GCC_NO_COMMON_BLOCKS = YES;
				GCC_WARN_64_TO_32_BIT_CONVERSION = YES;
				GCC_WARN_ABOUT_RETURN_TYPE = YES_ERROR;
				GCC_WARN_UNDECLARED_SELECTOR = YES;
				GCC_WARN_UNINITIALIZED_AUTOS = YES_AGGRESSIVE;
				GCC_WARN_UNUSED_FUNCTION = YES;
				GCC_WARN_UNUSED_VARIABLE = YES;
				IPHONEOS_DEPLOYMENT_TARGET = 16.2;
				MTL_ENABLE_DEBUG_INFO = NO;
				MTL_FAST_MATH = YES;
				SDKROOT = iphoneos;
				SWIFT_COMPILATION_MODE = wholemodule;
				SWIFT_OPTIMIZATION_LEVEL = "-O";
				VALIDATE_PRODUCT = YES;
			};
			name = Release;
		};
		785DCBEE2964320B00598822 /* Debug */ = {
			isa = XCBuildConfiguration;
			baseConfigurationReference = 0EA251D8ED461F980BECFC6C /* Pods-Homework.debug.xcconfig */;
			buildSettings = {
				ASSETCATALOG_COMPILER_APPICON_NAME = AppIcon;
				ASSETCATALOG_COMPILER_GLOBAL_ACCENT_COLOR_NAME = AccentColor;
				CODE_SIGN_STYLE = Automatic;
				CURRENT_PROJECT_VERSION = 1;
				DEVELOPMENT_TEAM = 23R3V9LM6E;
				GENERATE_INFOPLIST_FILE = YES;
				INFOPLIST_FILE = Homework/Info.plist;
				INFOPLIST_KEY_UIApplicationSupportsIndirectInputEvents = YES;
				INFOPLIST_KEY_UILaunchStoryboardName = LaunchScreen.storyboard;
				INFOPLIST_KEY_UIMainStoryboardFile = Home;
				INFOPLIST_KEY_UISupportedInterfaceOrientations = UIInterfaceOrientationPortrait;
				INFOPLIST_KEY_UISupportedInterfaceOrientations_iPad = "UIInterfaceOrientationLandscapeLeft UIInterfaceOrientationLandscapeRight UIInterfaceOrientationPortrait UIInterfaceOrientationPortraitUpsideDown";
				IPHONEOS_DEPLOYMENT_TARGET = 13.0;
				LD_RUNPATH_SEARCH_PATHS = (
					"$(inherited)",
					"@executable_path/Frameworks",
				);
				MARKETING_VERSION = 1.0;
				PRODUCT_BUNDLE_IDENTIFIER = me.ezdev.Homework;
				PRODUCT_NAME = "$(TARGET_NAME)";
				SUPPORTED_PLATFORMS = "iphoneos iphonesimulator";
				SUPPORTS_MACCATALYST = NO;
				SUPPORTS_MAC_DESIGNED_FOR_IPHONE_IPAD = NO;
				SWIFT_EMIT_LOC_STRINGS = YES;
				SWIFT_VERSION = 5.0;
				TARGETED_DEVICE_FAMILY = 1;
			};
			name = Debug;
		};
		785DCBEF2964320B00598822 /* Release */ = {
			isa = XCBuildConfiguration;
			baseConfigurationReference = 24DB0CCD204458B3004485D4 /* Pods-Homework.release.xcconfig */;
			buildSettings = {
				ASSETCATALOG_COMPILER_APPICON_NAME = AppIcon;
				ASSETCATALOG_COMPILER_GLOBAL_ACCENT_COLOR_NAME = AccentColor;
				CODE_SIGN_STYLE = Automatic;
				CURRENT_PROJECT_VERSION = 1;
				DEVELOPMENT_TEAM = 23R3V9LM6E;
				GENERATE_INFOPLIST_FILE = YES;
				INFOPLIST_FILE = Homework/Info.plist;
				INFOPLIST_KEY_UIApplicationSupportsIndirectInputEvents = YES;
				INFOPLIST_KEY_UILaunchStoryboardName = LaunchScreen.storyboard;
				INFOPLIST_KEY_UIMainStoryboardFile = Home;
				INFOPLIST_KEY_UISupportedInterfaceOrientations = UIInterfaceOrientationPortrait;
				INFOPLIST_KEY_UISupportedInterfaceOrientations_iPad = "UIInterfaceOrientationLandscapeLeft UIInterfaceOrientationLandscapeRight UIInterfaceOrientationPortrait UIInterfaceOrientationPortraitUpsideDown";
				IPHONEOS_DEPLOYMENT_TARGET = 13.0;
				LD_RUNPATH_SEARCH_PATHS = (
					"$(inherited)",
					"@executable_path/Frameworks",
				);
				MARKETING_VERSION = 1.0;
				PRODUCT_BUNDLE_IDENTIFIER = me.ezdev.Homework;
				PRODUCT_NAME = "$(TARGET_NAME)";
				SUPPORTED_PLATFORMS = "iphoneos iphonesimulator";
				SUPPORTS_MACCATALYST = NO;
				SUPPORTS_MAC_DESIGNED_FOR_IPHONE_IPAD = NO;
				SWIFT_EMIT_LOC_STRINGS = YES;
				SWIFT_VERSION = 5.0;
				TARGETED_DEVICE_FAMILY = 1;
			};
			name = Release;
		};
/* End XCBuildConfiguration section */

/* Begin XCConfigurationList section */
		785DCBD42964320A00598822 /* Build configuration list for PBXProject "Homework" */ = {
			isa = XCConfigurationList;
			buildConfigurations = (
				785DCBEB2964320B00598822 /* Debug */,
				785DCBEC2964320B00598822 /* Release */,
			);
			defaultConfigurationIsVisible = 0;
			defaultConfigurationName = Release;
		};
		785DCBED2964320B00598822 /* Build configuration list for PBXNativeTarget "Homework" */ = {
			isa = XCConfigurationList;
			buildConfigurations = (
				785DCBEE2964320B00598822 /* Debug */,
				785DCBEF2964320B00598822 /* Release */,
			);
			defaultConfigurationIsVisible = 0;
			defaultConfigurationName = Release;
		};
/* End XCConfigurationList section */
	};
	rootObject = 785DCBD12964320A00598822 /* Project object */;
}
